
Microsoft Visual Studio Solution File, Format Version 12.00
# Visual Studio 15
VisualStudioVersion = 15.0.28307.1267
MinimumVisualStudioVersion = 10.0.40219.1
Project("{8BC9CEB8-8B4A-11D0-8D11-00A0C91BC942}") = "marketPlace", "marketPlace\marketPlace.vcxproj", "{FE55EEFA-288A-4818-97AF-1D275647E4AB}"
EndProject
Global
	GlobalSection(SolutionConfigurationPlatforms) = preSolution
		Debug|x64 = Debug|x64
		Debug|x86 = Debug|x86
		Release|x64 = Release|x64
		Release|x86 = Release|x86
	EndGlobalSection
	GlobalSection(ProjectConfigurationPlatforms) = postSolution
		{FE55EEFA-288A-4818-97AF-1D275647E4AB}.Debug|x64.ActiveCfg = Debug|x64
		{FE55EEFA-288A-4818-97AF-1D275647E4AB}.Debug|x64.Build.0 = Debug|x64
		{FE55EEFA-288A-4818-97AF-1D275647E4AB}.Debug|x86.ActiveCfg = Debug|Win32
		{FE55EEFA-288A-4818-97AF-1D275647E4AB}.Debug|x86.Build.0 = Debug|Win32
		{FE55EEFA-288A-4818-97AF-1D275647E4AB}.Release|x64.ActiveCfg = Release|x64
		{FE55EEFA-288A-4818-97AF-1D275647E4AB}.Release|x64.Build.0 = Release|x64
		{FE55EEFA-288A-4818-97AF-1D275647E4AB}.Release|x86.ActiveCfg = Release|Win32
		{FE55EEFA-288A-4818-97AF-1D275647E4AB}.Release|x86.Build.0 = Release|Win32
	EndGlobalSection
	GlobalSection(SolutionProperties) = preSolution
		HideSolutionNode = FALSE
	EndGlobalSection
	GlobalSection(ExtensibilityGlobals) = postSolution
		SolutionGuid = {4C5DEF5D-7549-435C-93AA-A48E32D328B1}
	EndGlobalSection
EndGlobal
